
Microsoft Visual Studio Solution File, Format Version 12.00
# Visual Studio 15
VisualStudioVersion = 15.0.28010.2016
MinimumVisualStudioVersion = 10.0.40219.1
Project("{FAE04EC0-301F-11D3-BF4B-00C04F79EFBC}") = "BrailleBooks", "BrailleBooks\BrailleBooks.csproj", "{39D5A3D8-9C10-4E60-A62F-BD80F76F6BC8}"
EndProject
Global
	GlobalSection(SolutionConfigurationPlatforms) = preSolution
		Debug|Any CPU = Debug|Any CPU
		Release|Any CPU = Release|Any CPU
	EndGlobalSection
	GlobalSection(ProjectConfigurationPlatforms) = postSolution
		{39D5A3D8-9C10-4E60-A62F-BD80F76F6BC8}.Debug|Any CPU.ActiveCfg = Debug|Any CPU
		{39D5A3D8-9C10-4E60-A62F-BD80F76F6BC8}.Debug|Any CPU.Build.0 = Debug|Any CPU
		{39D5A3D8-9C10-4E60-A62F-BD80F76F6BC8}.Release|Any CPU.ActiveCfg = Release|Any CPU
		{39D5A3D8-9C10-4E60-A62F-BD80F76F6BC8}.Release|Any CPU.Build.0 = Release|Any CPU
	EndGlobalSection
	GlobalSection(SolutionProperties) = preSolution
		HideSolutionNode = FALSE
	EndGlobalSection
	GlobalSection(ExtensibilityGlobals) = postSolution
		SolutionGuid = {6A7F23CA-0642-4A68-8C8C-5942D2F482B4}
	EndGlobalSection
EndGlobal
